
Microsoft Visual Studio Solution File, Format Version 12.00
# Visual Studio 15
VisualStudioVersion = 15.0.27130.2010
MinimumVisualStudioVersion = 10.0.40219.1
Project("{FAE04EC0-301F-11D3-BF4B-00C04F79EFBC}") = "Web-In-Test", "Web-In-Test\Web-In-Test.csproj", "{10E71DEC-01A0-4B01-B886-5C389740FAF0}"
EndProject
Project("{FAE04EC0-301F-11D3-BF4B-00C04F79EFBC}") = "Web-In-TestWeb", "Web-In-TestWeb\Web-In-TestWeb.csproj", "{C03B28D9-29F6-4728-8E72-40042A78E062}"
EndProject
Global
	GlobalSection(SolutionConfigurationPlatforms) = preSolution
		Debug|Any CPU = Debug|Any CPU
		Release|Any CPU = Release|Any CPU
	EndGlobalSection
	GlobalSection(ProjectConfigurationPlatforms) = postSolution
		{10E71DEC-01A0-4B01-B886-5C389740FAF0}.Debug|Any CPU.ActiveCfg = Debug|Any CPU
		{10E71DEC-01A0-4B01-B886-5C389740FAF0}.Debug|Any CPU.Build.0 = Debug|Any CPU
		{10E71DEC-01A0-4B01-B886-5C389740FAF0}.Debug|Any CPU.Deploy.0 = Debug|Any CPU
		{10E71DEC-01A0-4B01-B886-5C389740FAF0}.Release|Any CPU.ActiveCfg = Release|Any CPU
		{10E71DEC-01A0-4B01-B886-5C389740FAF0}.Release|Any CPU.Build.0 = Release|Any CPU
		{10E71DEC-01A0-4B01-B886-5C389740FAF0}.Release|Any CPU.Deploy.0 = Release|Any CPU
		{C03B28D9-29F6-4728-8E72-40042A78E062}.Debug|Any CPU.ActiveCfg = Debug|Any CPU
		{C03B28D9-29F6-4728-8E72-40042A78E062}.Debug|Any CPU.Build.0 = Debug|Any CPU
		{C03B28D9-29F6-4728-8E72-40042A78E062}.Release|Any CPU.ActiveCfg = Release|Any CPU
		{C03B28D9-29F6-4728-8E72-40042A78E062}.Release|Any CPU.Build.0 = Release|Any CPU
	EndGlobalSection
	GlobalSection(SolutionProperties) = preSolution
		HideSolutionNode = FALSE
	EndGlobalSection
	GlobalSection(ExtensibilityGlobals) = postSolution
		SolutionGuid = {E6C6BA13-2877-49A4-B8A0-983966CB56E5}
	EndGlobalSection
EndGlobal
